
Microsoft Visual Studio Solution File, Format Version 12.00
# Visual Studio Version 16
VisualStudioVersion = 16.0.28729.10
MinimumVisualStudioVersion = 10.0.40219.1
Project("{2150E333-8FDC-42A3-9474-1A3956D46DE8}") = "Libraries", "Libraries", "{5C5735D0-A47F-4EC1-85A5-92609BD5E8CA}"
EndProject
Project("{9A19103F-16F7-4668-BE54-9A1E7A4F7556}") = "MusicHall.API", "MusicHall.API\MusicHall.API.csproj", "{D084E572-8BDA-4297-902A-4B6DA46A9A2C}"
EndProject
Project("{9A19103F-16F7-4668-BE54-9A1E7A4F7556}") = "MusicHall.Core", "MusicHall.Core\MusicHall.Core.csproj", "{38186C90-8211-4851-B958-4E385205AA5D}"
EndProject
Project("{9A19103F-16F7-4668-BE54-9A1E7A4F7556}") = "MusicHall.Data", "MusicHall.Data\MusicHall.Data.csproj", "{75BB2FDE-F2A1-448B-8787-3D3165363B63}"
EndProject
Project("{9A19103F-16F7-4668-BE54-9A1E7A4F7556}") = "MusicHall.Services", "MusicHall.Services\MusicHall.Services.csproj", "{2F02F9C3-78E8-423B-8FBB-0EA6C8A83C57}"
EndProject
Global
	GlobalSection(SolutionConfigurationPlatforms) = preSolution
		Debug|Any CPU = Debug|Any CPU
		Preprod|Any CPU = Preprod|Any CPU
		Prod|Any CPU = Prod|Any CPU
		Release|Any CPU = Release|Any CPU
	EndGlobalSection
	GlobalSection(ProjectConfigurationPlatforms) = postSolution
		{D084E572-8BDA-4297-902A-4B6DA46A9A2C}.Debug|Any CPU.ActiveCfg = Debug|Any CPU
		{D084E572-8BDA-4297-902A-4B6DA46A9A2C}.Debug|Any CPU.Build.0 = Debug|Any CPU
		{D084E572-8BDA-4297-902A-4B6DA46A9A2C}.Preprod|Any CPU.ActiveCfg = Preprod|Any CPU
		{D084E572-8BDA-4297-902A-4B6DA46A9A2C}.Preprod|Any CPU.Build.0 = Preprod|Any CPU
		{D084E572-8BDA-4297-902A-4B6DA46A9A2C}.Prod|Any CPU.ActiveCfg = Prod|Any CPU
		{D084E572-8BDA-4297-902A-4B6DA46A9A2C}.Prod|Any CPU.Build.0 = Prod|Any CPU
		{D084E572-8BDA-4297-902A-4B6DA46A9A2C}.Release|Any CPU.ActiveCfg = Release|Any CPU
		{D084E572-8BDA-4297-902A-4B6DA46A9A2C}.Release|Any CPU.Build.0 = Release|Any CPU
		{38186C90-8211-4851-B958-4E385205AA5D}.Debug|Any CPU.ActiveCfg = Debug|Any CPU
		{38186C90-8211-4851-B958-4E385205AA5D}.Debug|Any CPU.Build.0 = Debug|Any CPU
		{38186C90-8211-4851-B958-4E385205AA5D}.Preprod|Any CPU.ActiveCfg = Preprod|Any CPU
		{38186C90-8211-4851-B958-4E385205AA5D}.Preprod|Any CPU.Build.0 = Preprod|Any CPU
		{38186C90-8211-4851-B958-4E385205AA5D}.Prod|Any CPU.ActiveCfg = Prod|Any CPU
		{38186C90-8211-4851-B958-4E385205AA5D}.Prod|Any CPU.Build.0 = Prod|Any CPU
		{38186C90-8211-4851-B958-4E385205AA5D}.Release|Any CPU.ActiveCfg = Release|Any CPU
		{38186C90-8211-4851-B958-4E385205AA5D}.Release|Any CPU.Build.0 = Release|Any CPU
		{75BB2FDE-F2A1-448B-8787-3D3165363B63}.Debug|Any CPU.ActiveCfg = Debug|Any CPU
		{75BB2FDE-F2A1-448B-8787-3D3165363B63}.Debug|Any CPU.Build.0 = Debug|Any CPU
		{75BB2FDE-F2A1-448B-8787-3D3165363B63}.Preprod|Any CPU.ActiveCfg = Preprod|Any CPU
		{75BB2FDE-F2A1-448B-8787-3D3165363B63}.Preprod|Any CPU.Build.0 = Preprod|Any CPU
		{75BB2FDE-F2A1-448B-8787-3D3165363B63}.Prod|Any CPU.ActiveCfg = Prod|Any CPU
		{75BB2FDE-F2A1-448B-8787-3D3165363B63}.Prod|Any CPU.Build.0 = Prod|Any CPU
		{75BB2FDE-F2A1-448B-8787-3D3165363B63}.Release|Any CPU.ActiveCfg = Release|Any CPU
		{75BB2FDE-F2A1-448B-8787-3D3165363B63}.Release|Any CPU.Build.0 = Release|Any CPU
		{2F02F9C3-78E8-423B-8FBB-0EA6C8A83C57}.Debug|Any CPU.ActiveCfg = Debug|Any CPU
		{2F02F9C3-78E8-423B-8FBB-0EA6C8A83C57}.Debug|Any CPU.Build.0 = Debug|Any CPU
		{2F02F9C3-78E8-423B-8FBB-0EA6C8A83C57}.Preprod|Any CPU.ActiveCfg = Preprod|Any CPU
		{2F02F9C3-78E8-423B-8FBB-0EA6C8A83C57}.Preprod|Any CPU.Build.0 = Preprod|Any CPU
		{2F02F9C3-78E8-423B-8FBB-0EA6C8A83C57}.Prod|Any CPU.ActiveCfg = Prod|Any CPU
		{2F02F9C3-78E8-423B-8FBB-0EA6C8A83C57}.Prod|Any CPU.Build.0 = Prod|Any CPU
		{2F02F9C3-78E8-423B-8FBB-0EA6C8A83C57}.Release|Any CPU.ActiveCfg = Release|Any CPU
		{2F02F9C3-78E8-423B-8FBB-0EA6C8A83C57}.Release|Any CPU.Build.0 = Release|Any CPU
	EndGlobalSection
	GlobalSection(SolutionProperties) = preSolution
		HideSolutionNode = FALSE
	EndGlobalSection
	GlobalSection(NestedProjects) = preSolution
		{38186C90-8211-4851-B958-4E385205AA5D} = {5C5735D0-A47F-4EC1-85A5-92609BD5E8CA}
		{75BB2FDE-F2A1-448B-8787-3D3165363B63} = {5C5735D0-A47F-4EC1-85A5-92609BD5E8CA}
		{2F02F9C3-78E8-423B-8FBB-0EA6C8A83C57} = {5C5735D0-A47F-4EC1-85A5-92609BD5E8CA}
	EndGlobalSection
	GlobalSection(ExtensibilityGlobals) = postSolution
		SolutionGuid = {A2CB40F0-EDCC-4548-A1AC-CBF8896A79CE}
	EndGlobalSection
EndGlobal
